
Microsoft Visual Studio Solution File, Format Version 12.00
# Visual Studio Version 17
VisualStudioVersion = 17.13.35931.197 d17.13
MinimumVisualStudioVersion = 10.0.40219.1
Project("{FAE04EC0-301F-11D3-BF4B-00C04F79EFBC}") = "TrainingCenter", "TrainingCenter\TrainingCenter.csproj", "{67A0F4B5-417F-4824-B964-AB28E430C072}"
EndProject
Global
	GlobalSection(SolutionConfigurationPlatforms) = preSolution
		Debug|Any CPU = Debug|Any CPU
		Release|Any CPU = Release|Any CPU
	EndGlobalSection
	GlobalSection(ProjectConfigurationPlatforms) = postSolution
		{67A0F4B5-417F-4824-B964-AB28E430C072}.Debug|Any CPU.ActiveCfg = Debug|Any CPU
		{67A0F4B5-417F-4824-B964-AB28E430C072}.Debug|Any CPU.Build.0 = Debug|Any CPU
		{67A0F4B5-417F-4824-B964-AB28E430C072}.Release|Any CPU.ActiveCfg = Release|Any CPU
		{67A0F4B5-417F-4824-B964-AB28E430C072}.Release|Any CPU.Build.0 = Release|Any CPU
	EndGlobalSection
	GlobalSection(SolutionProperties) = preSolution
		HideSolutionNode = FALSE
	EndGlobalSection
	GlobalSection(ExtensibilityGlobals) = postSolution
		SolutionGuid = {62B3238E-7B80-4995-B25B-3186E2CDC160}
	EndGlobalSection
EndGlobal
